PODS:
  - Crashlytics (3.8.4):
    - Fabric (~> 1.6.3)
  - EZLoadingActivity (1.01)
  - Fabric (1.6.11)
  - FloatRatingView (2.0)
  - IQKeyboardManagerSwift (4.0.8)
  - Permission (2.0.3):
    - Permission/Core (= 2.0.3)
  - Permission/Core (2.0.3)
  - PureLayout (3.0.2)

DEPENDENCIES:
  - Crashlytics
  - EZLoadingActivity
  - Fabric
  - FloatRatingView (~> 2.0.0)
  - IQKeyboardManagerSwift
  - Permission
  - PureLayout

SPEC CHECKSUMS:
  Crashlytics: 79e236942ca1e7fc641df1feb9a275360a78ab6a
  EZLoadingActivity: edd7e387e5197b116ce2cccb3fd747ababc2a510
  Fabric: 5911403591946b8228ab1c51d98f1d7137e863c6
  FloatRatingView: 857ab8f10040d06a42fc979f486c8f9fecd2f2e5
  IQKeyboardManagerSwift: c04bc9f68473823f825eb44d958fce98d921bead
  Permission: ef50195e97672de1946f98da7fd71fbfbcf9c23f
  PureLayout: 4d550abe49a94f24c2808b9b95db9131685fe4cd

PODFILE CHECKSUM: c1c22b66c0b424d1ba1b9f0f9171a8bc2d4e07a8

COCOAPODS: 1.0.1
